
Microsoft Visual Studio Solution File, Format Version 12.00
# Visual Studio Version 17
VisualStudioVersion = 17.11.35303.130
MinimumVisualStudioVersion = 10.0.40219.1
Project("{FAE04EC0-301F-11D3-BF4B-00C04F79EFBC}") = "BuilderDesignPattern", "BuilderDesignPattern\BuilderDesignPattern.csproj", "{F51CDBB2-33D4-47D6-BFA3-2DB80C1A321A}"
EndProject
Global
	GlobalSection(SolutionConfigurationPlatforms) = preSolution
		Debug|Any CPU = Debug|Any CPU
		Release|Any CPU = Release|Any CPU
	EndGlobalSection
	GlobalSection(ProjectConfigurationPlatforms) = postSolution
		{F51CDBB2-33D4-47D6-BFA3-2DB80C1A321A}.Debug|Any CPU.ActiveCfg = Debug|Any CPU
		{F51CDBB2-33D4-47D6-BFA3-2DB80C1A321A}.Debug|Any CPU.Build.0 = Debug|Any CPU
		{F51CDBB2-33D4-47D6-BFA3-2DB80C1A321A}.Release|Any CPU.ActiveCfg = Release|Any CPU
		{F51CDBB2-33D4-47D6-BFA3-2DB80C1A321A}.Release|Any CPU.Build.0 = Release|Any CPU
	EndGlobalSection
	GlobalSection(SolutionProperties) = preSolution
		HideSolutionNode = FALSE
	EndGlobalSection
	GlobalSection(ExtensibilityGlobals) = postSolution
		SolutionGuid = {04E49167-461C-4C6D-9084-9FEFBA3195B4}
	EndGlobalSection
EndGlobal
